
Microsoft Visual Studio Solution File, Format Version 12.00
# Visual Studio Version 16
VisualStudioVersion = 16.0.29102.190
MinimumVisualStudioVersion = 10.0.40219.1
Project("{FAE04EC0-301F-11D3-BF4B-00C04F79EFBC}") = "XamarinApp.UWP", "XamarinApp\XamarinApp.UWP\XamarinApp.UWP.csproj", "{CF23A815-46AE-4050-85A9-36B25CFA8F2B}"
EndProject
Project("{FAE04EC0-301F-11D3-BF4B-00C04F79EFBC}") = "XamarinApp.Android", "XamarinApp\XamarinApp.Android\XamarinApp.Android.csproj", "{2525C6A8-88B3-416A-A04B-8BC28B886321}"
EndProject
Project("{FAE04EC0-301F-11D3-BF4B-00C04F79EFBC}") = "XamarinApp.iOS", "XamarinApp\XamarinApp.iOS\XamarinApp.iOS.csproj", "{1A30C862-CEE3-46E9-8937-FFD53424C429}"
EndProject
Project("{FAE04EC0-301F-11D3-BF4B-00C04F79EFBC}") = "XamarinApp", "XamarinApp\XamarinApp\XamarinApp.csproj", "{69D8B354-8214-4D89-B508-ECE76B0F6BE2}"
EndProject
Global
	GlobalSection(SolutionConfigurationPlatforms) = preSolution
		Debug|Any CPU = Debug|Any CPU
		Debug|ARM = Debug|ARM
		Debug|iPhone = Debug|iPhone
		Debug|iPhoneSimulator = Debug|iPhoneSimulator
		Debug|x64 = Debug|x64
		Debug|x86 = Debug|x86
		Release|Any CPU = Release|Any CPU
		Release|ARM = Release|ARM
		Release|iPhone = Release|iPhone
		Release|iPhoneSimulator = Release|iPhoneSimulator
		Release|x64 = Release|x64
		Release|x86 = Release|x86
	EndGlobalSection
	GlobalSection(ProjectConfigurationPlatforms) = postSolution
		{CF23A815-46AE-4050-85A9-36B25CFA8F2B}.Debug|Any CPU.ActiveCfg = Debug|x86
		{CF23A815-46AE-4050-85A9-36B25CFA8F2B}.Debug|Any CPU.Build.0 = Debug|x86
		{CF23A815-46AE-4050-85A9-36B25CFA8F2B}.Debug|Any CPU.Deploy.0 = Debug|x86
		{CF23A815-46AE-4050-85A9-36B25CFA8F2B}.Debug|ARM.ActiveCfg = Debug|ARM
		{CF23A815-46AE-4050-85A9-36B25CFA8F2B}.Debug|ARM.Build.0 = Debug|ARM
		{CF23A815-46AE-4050-85A9-36B25CFA8F2B}.Debug|ARM.Deploy.0 = Debug|ARM
		{CF23A815-46AE-4050-85A9-36B25CFA8F2B}.Debug|iPhone.ActiveCfg = Debug|x86
		{CF23A815-46AE-4050-85A9-36B25CFA8F2B}.Debug|iPhone.Build.0 = Debug|x86
		{CF23A815-46AE-4050-85A9-36B25CFA8F2B}.Debug|iPhone.Deploy.0 = Debug|x86
		{CF23A815-46AE-4050-85A9-36B25CFA8F2B}.Debug|iPhoneSimulator.ActiveCfg = Debug|x86
		{CF23A815-46AE-4050-85A9-36B25CFA8F2B}.Debug|iPhoneSimulator.Build.0 = Debug|x86
		{CF23A815-46AE-4050-85A9-36B25CFA8F2B}.Debug|iPhoneSimulator.Deploy.0 = Debug|x86
		{CF23A815-46AE-4050-85A9-36B25CFA8F2B}.Debug|x64.ActiveCfg = Debug|x64
		{CF23A815-46AE-4050-85A9-36B25CFA8F2B}.Debug|x64.Build.0 = Debug|x64
		{CF23A815-46AE-4050-85A9-36B25CFA8F2B}.Debug|x64.Deploy.0 = Debug|x64
		{CF23A815-46AE-4050-85A9-36B25CFA8F2B}.Debug|x86.ActiveCfg = Debug|x86
		{CF23A815-46AE-4050-85A9-36B25CFA8F2B}.Debug|x86.Build.0 = Debug|x86
		{CF23A815-46AE-4050-85A9-36B25CFA8F2B}.Debug|x86.Deploy.0 = Debug|x86
		{CF23A815-46AE-4050-85A9-36B25CFA8F2B}.Release|Any CPU.ActiveCfg = Release|x86
		{CF23A815-46AE-4050-85A9-36B25CFA8F2B}.Release|Any CPU.Build.0 = Release|x86
		{CF23A815-46AE-4050-85A9-36B25CFA8F2B}.Release|Any CPU.Deploy.0 = Release|x86
		{CF23A815-46AE-4050-85A9-36B25CFA8F2B}.Release|ARM.ActiveCfg = Release|ARM
		{CF23A815-46AE-4050-85A9-36B25CFA8F2B}.Release|ARM.Build.0 = Release|ARM
		{CF23A815-46AE-4050-85A9-36B25CFA8F2B}.Release|ARM.Deploy.0 = Release|ARM
		{CF23A815-46AE-4050-85A9-36B25CFA8F2B}.Release|iPhone.ActiveCfg = Release|x86
		{CF23A815-46AE-4050-85A9-36B25CFA8F2B}.Release|iPhone.Build.0 = Release|x86
		{CF23A815-46AE-4050-85A9-36B25CFA8F2B}.Release|iPhone.Deploy.0 = Release|x86
		{CF23A815-46AE-4050-85A9-36B25CFA8F2B}.Release|iPhoneSimulator.ActiveCfg = Release|x86
		{CF23A815-46AE-4050-85A9-36B25CFA8F2B}.Release|iPhoneSimulator.Build.0 = Release|x86
		{CF23A815-46AE-4050-85A9-36B25CFA8F2B}.Release|iPhoneSimulator.Deploy.0 = Release|x86
		{CF23A815-46AE-4050-85A9-36B25CFA8F2B}.Release|x64.ActiveCfg = Release|x64
		{CF23A815-46AE-4050-85A9-36B25CFA8F2B}.Release|x64.Build.0 = Release|x64
		{CF23A815-46AE-4050-85A9-36B25CFA8F2B}.Release|x64.Deploy.0 = Release|x64
		{CF23A815-46AE-4050-85A9-36B25CFA8F2B}.Release|x86.ActiveCfg = Release|x86
		{CF23A815-46AE-4050-85A9-36B25CFA8F2B}.Release|x86.Build.0 = Release|x86
		{CF23A815-46AE-4050-85A9-36B25CFA8F2B}.Release|x86.Deploy.0 = Release|x86
		{2525C6A8-88B3-416A-A04B-8BC28B886321}.Debug|Any CPU.ActiveCfg = Debug|Any CPU
		{2525C6A8-88B3-416A-A04B-8BC28B886321}.Debug|Any CPU.Build.0 = Debug|Any CPU
		{2525C6A8-88B3-416A-A04B-8BC28B886321}.Debug|Any CPU.Deploy.0 = Debug|Any CPU
		{2525C6A8-88B3-416A-A04B-8BC28B886321}.Debug|ARM.ActiveCfg = Debug|Any CPU
		{2525C6A8-88B3-416A-A04B-8BC28B886321}.Debug|ARM.Build.0 = Debug|Any CPU
		{2525C6A8-88B3-416A-A04B-8BC28B886321}.Debug|ARM.Deploy.0 = Debug|Any CPU
		{2525C6A8-88B3-416A-A04B-8BC28B886321}.Debug|iPhone.ActiveCfg = Debug|Any CPU
		{2525C6A8-88B3-416A-A04B-8BC28B886321}.Debug|iPhone.Build.0 = Debug|Any CPU
		{2525C6A8-88B3-416A-A04B-8BC28B886321}.Debug|iPhone.Deploy.0 = Debug|Any CPU
		{2525C6A8-88B3-416A-A04B-8BC28B886321}.Debug|iPhoneSimulator.ActiveCfg = Debug|Any CPU
		{2525C6A8-88B3-416A-A04B-8BC28B886321}.Debug|iPhoneSimulator.Build.0 = Debug|Any CPU
		{2525C6A8-88B3-416A-A04B-8BC28B886321}.Debug|iPhoneSimulator.Deploy.0 = Debug|Any CPU
		{2525C6A8-88B3-416A-A04B-8BC28B886321}.Debug|x64.ActiveCfg = Debug|Any CPU
		{2525C6A8-88B3-416A-A04B-8BC28B886321}.Debug|x64.Build.0 = Debug|Any CPU
		{2525C6A8-88B3-416A-A04B-8BC28B886321}.Debug|x64.Deploy.0 = Debug|Any CPU
		{2525C6A8-88B3-416A-A04B-8BC28B886321}.Debug|x86.ActiveCfg = Debug|Any CPU
		{2525C6A8-88B3-416A-A04B-8BC28B886321}.Debug|x86.Build.0 = Debug|Any CPU
		{2525C6A8-88B3-416A-A04B-8BC28B886321}.Debug|x86.Deploy.0 = Debug|Any CPU
		{2525C6A8-88B3-416A-A04B-8BC28B886321}.Release|Any CPU.ActiveCfg = Release|Any CPU
		{2525C6A8-88B3-416A-A04B-8BC28B886321}.Release|Any CPU.Build.0 = Release|Any CPU
		{2525C6A8-88B3-416A-A04B-8BC28B886321}.Release|Any CPU.Deploy.0 = Release|Any CPU
		{2525C6A8-88B3-416A-A04B-8BC28B886321}.Release|ARM.ActiveCfg = Release|Any CPU
		{2525C6A8-88B3-416A-A04B-8BC28B886321}.Release|ARM.Build.0 = Release|Any CPU
		{2525C6A8-88B3-416A-A04B-8BC28B886321}.Release|ARM.Deploy.0 = Release|Any CPU
		{2525C6A8-88B3-416A-A04B-8BC28B886321}.Release|iPhone.ActiveCfg = Release|Any CPU
		{2525C6A8-88B3-416A-A04B-8BC28B886321}.Release|iPhone.Build.0 = Release|Any CPU
		{2525C6A8-88B3-416A-A04B-8BC28B886321}.Release|iPhone.Deploy.0 = Release|Any CPU
		{2525C6A8-88B3-416A-A04B-8BC28B886321}.Release|iPhoneSimulator.ActiveCfg = Release|Any CPU
		{2525C6A8-88B3-416A-A04B-8BC28B886321}.Release|iPhoneSimulator.Build.0 = Release|Any CPU
		{2525C6A8-88B3-416A-A04B-8BC28B886321}.Release|iPhoneSimulator.Deploy.0 = Release|Any CPU
		{2525C6A8-88B3-416A-A04B-8BC28B886321}.Release|x64.ActiveCfg = Release|Any CPU
		{2525C6A8-88B3-416A-A04B-8BC28B886321}.Release|x64.Build.0 = Release|Any CPU
		{2525C6A8-88B3-416A-A04B-8BC28B886321}.Release|x64.Deploy.0 = Release|Any CPU
		{2525C6A8-88B3-416A-A04B-8BC28B886321}.Release|x86.ActiveCfg = Release|Any CPU
		{2525C6A8-88B3-416A-A04B-8BC28B886321}.Release|x86.Build.0 = Release|Any CPU
		{2525C6A8-88B3-416A-A04B-8BC28B886321}.Release|x86.Deploy.0 = Release|Any CPU
		{1A30C862-CEE3-46E9-8937-FFD53424C429}.Debug|Any CPU.ActiveCfg = Debug|iPhone
		{1A30C862-CEE3-46E9-8937-FFD53424C429}.Debug|Any CPU.Build.0 = Debug|iPhone
		{1A30C862-CEE3-46E9-8937-FFD53424C429}.Debug|Any CPU.Deploy.0 = Debug|iPhone
		{1A30C862-CEE3-46E9-8937-FFD53424C429}.Debug|ARM.ActiveCfg = Debug|iPhoneSimulator
		{1A30C862-CEE3-46E9-8937-FFD53424C429}.Debug|ARM.Build.0 = Debug|iPhoneSimulator
		{1A30C862-CEE3-46E9-8937-FFD53424C429}.Debug|ARM.Deploy.0 = Debug|iPhoneSimulator
		{1A30C862-CEE3-46E9-8937-FFD53424C429}.Debug|iPhone.ActiveCfg = Debug|iPhone
		{1A30C862-CEE3-46E9-8937-FFD53424C429}.Debug|iPhone.Build.0 = Debug|iPhone
		{1A30C862-CEE3-46E9-8937-FFD53424C429}.Debug|iPhone.Deploy.0 = Debug|iPhone
		{1A30C862-CEE3-46E9-8937-FFD53424C429}.Debug|iPhoneSimulator.ActiveCfg = Debug|iPhoneSimulator
		{1A30C862-CEE3-46E9-8937-FFD53424C429}.Debug|iPhoneSimulator.Build.0 = Debug|iPhoneSimulator
		{1A30C862-CEE3-46E9-8937-FFD53424C429}.Debug|iPhoneSimulator.Deploy.0 = Debug|iPhoneSimulator
		{1A30C862-CEE3-46E9-8937-FFD53424C429}.Debug|x64.ActiveCfg = Debug|iPhone
		{1A30C862-CEE3-46E9-8937-FFD53424C429}.Debug|x64.Build.0 = Debug|iPhone
		{1A30C862-CEE3-46E9-8937-FFD53424C429}.Debug|x64.Deploy.0 = Debug|iPhone
		{1A30C862-CEE3-46E9-8937-FFD53424C429}.Debug|x86.ActiveCfg = Debug|iPhone
		{1A30C862-CEE3-46E9-8937-FFD53424C429}.Debug|x86.Build.0 = Debug|iPhone
		{1A30C862-CEE3-46E9-8937-FFD53424C429}.Debug|x86.Deploy.0 = Debug|iPhone
		{1A30C862-CEE3-46E9-8937-FFD53424C429}.Release|Any CPU.ActiveCfg = Release|iPhone
		{1A30C862-CEE3-46E9-8937-FFD53424C429}.Release|Any CPU.Build.0 = Release|iPhone
		{1A30C862-CEE3-46E9-8937-FFD53424C429}.Release|Any CPU.Deploy.0 = Release|iPhone
		{1A30C862-CEE3-46E9-8937-FFD53424C429}.Release|ARM.ActiveCfg = Release|iPhone
		{1A30C862-CEE3-46E9-8937-FFD53424C429}.Release|ARM.Build.0 = Release|iPhone
		{1A30C862-CEE3-46E9-8937-FFD53424C429}.Release|ARM.Deploy.0 = Release|iPhone
		{1A30C862-CEE3-46E9-8937-FFD53424C429}.Release|iPhone.ActiveCfg = Release|iPhone
		{1A30C862-CEE3-46E9-8937-FFD53424C429}.Release|iPhone.Build.0 = Release|iPhone
		{1A30C862-CEE3-46E9-8937-FFD53424C429}.Release|iPhone.Deploy.0 = Release|iPhone
		{1A30C862-CEE3-46E9-8937-FFD53424C429}.Release|iPhoneSimulator.ActiveCfg = Release|iPhoneSimulator
		{1A30C862-CEE3-46E9-8937-FFD53424C429}.Release|iPhoneSimulator.Build.0 = Release|iPhoneSimulator
		{1A30C862-CEE3-46E9-8937-FFD53424C429}.Release|iPhoneSimulator.Deploy.0 = Release|iPhoneSimulator
		{1A30C862-CEE3-46E9-8937-FFD53424C429}.Release|x64.ActiveCfg = Release|iPhone
		{1A30C862-CEE3-46E9-8937-FFD53424C429}.Release|x64.Build.0 = Release|iPhone
		{1A30C862-CEE3-46E9-8937-FFD53424C429}.Release|x64.Deploy.0 = Release|iPhone
		{1A30C862-CEE3-46E9-8937-FFD53424C429}.Release|x86.ActiveCfg = Release|iPhone
		{1A30C862-CEE3-46E9-8937-FFD53424C429}.Release|x86.Build.0 = Release|iPhone
		{1A30C862-CEE3-46E9-8937-FFD53424C429}.Release|x86.Deploy.0 = Release|iPhone
		{69D8B354-8214-4D89-B508-ECE76B0F6BE2}.Debug|Any CPU.ActiveCfg = Debug|Any CPU
		{69D8B354-8214-4D89-B508-ECE76B0F6BE2}.Debug|Any CPU.Build.0 = Debug|Any CPU
		{69D8B354-8214-4D89-B508-ECE76B0F6BE2}.Debug|Any CPU.Deploy.0 = Debug|Any CPU
		{69D8B354-8214-4D89-B508-ECE76B0F6BE2}.Debug|ARM.ActiveCfg = Debug|Any CPU
		{69D8B354-8214-4D89-B508-ECE76B0F6BE2}.Debug|ARM.Build.0 = Debug|Any CPU
		{69D8B354-8214-4D89-B508-ECE76B0F6BE2}.Debug|ARM.Deploy.0 = Debug|Any CPU
		{69D8B354-8214-4D89-B508-ECE76B0F6BE2}.Debug|iPhone.ActiveCfg = Debug|Any CPU
		{69D8B354-8214-4D89-B508-ECE76B0F6BE2}.Debug|iPhone.Build.0 = Debug|Any CPU
		{69D8B354-8214-4D89-B508-ECE76B0F6BE2}.Debug|iPhone.Deploy.0 = Debug|Any CPU
		{69D8B354-8214-4D89-B508-ECE76B0F6BE2}.Debug|iPhoneSimulator.ActiveCfg = Debug|Any CPU
		{69D8B354-8214-4D89-B508-ECE76B0F6BE2}.Debug|iPhoneSimulator.Build.0 = Debug|Any CPU
		{69D8B354-8214-4D89-B508-ECE76B0F6BE2}.Debug|iPhoneSimulator.Deploy.0 = Debug|Any CPU
		{69D8B354-8214-4D89-B508-ECE76B0F6BE2}.Debug|x64.ActiveCfg = Debug|Any CPU
		{69D8B354-8214-4D89-B508-ECE76B0F6BE2}.Debug|x64.Build.0 = Debug|Any CPU
		{69D8B354-8214-4D89-B508-ECE76B0F6BE2}.Debug|x64.Deploy.0 = Debug|Any CPU
		{69D8B354-8214-4D89-B508-ECE76B0F6BE2}.Debug|x86.ActiveCfg = Debug|Any CPU
		{69D8B354-8214-4D89-B508-ECE76B0F6BE2}.Debug|x86.Build.0 = Debug|Any CPU
		{69D8B354-8214-4D89-B508-ECE76B0F6BE2}.Debug|x86.Deploy.0 = Debug|Any CPU
		{69D8B354-8214-4D89-B508-ECE76B0F6BE2}.Release|Any CPU.ActiveCfg = Release|Any CPU
		{69D8B354-8214-4D89-B508-ECE76B0F6BE2}.Release|Any CPU.Build.0 = Release|Any CPU
		{69D8B354-8214-4D89-B508-ECE76B0F6BE2}.Release|Any CPU.Deploy.0 = Release|Any CPU
		{69D8B354-8214-4D89-B508-ECE76B0F6BE2}.Release|ARM.ActiveCfg = Release|Any CPU
		{69D8B354-8214-4D89-B508-ECE76B0F6BE2}.Release|ARM.Build.0 = Release|Any CPU
		{69D8B354-8214-4D89-B508-ECE76B0F6BE2}.Release|ARM.Deploy.0 = Release|Any CPU
		{69D8B354-8214-4D89-B508-ECE76B0F6BE2}.Release|iPhone.ActiveCfg = Release|Any CPU
		{69D8B354-8214-4D89-B508-ECE76B0F6BE2}.Release|iPhone.Build.0 = Release|Any CPU
		{69D8B354-8214-4D89-B508-ECE76B0F6BE2}.Release|iPhone.Deploy.0 = Release|Any CPU
		{69D8B354-8214-4D89-B508-ECE76B0F6BE2}.Release|iPhoneSimulator.ActiveCfg = Release|Any CPU
		{69D8B354-8214-4D89-B508-ECE76B0F6BE2}.Release|iPhoneSimulator.Build.0 = Release|Any CPU
		{69D8B354-8214-4D89-B508-ECE76B0F6BE2}.Release|iPhoneSimulator.Deploy.0 = Release|Any CPU
		{69D8B354-8214-4D89-B508-ECE76B0F6BE2}.Release|x64.ActiveCfg = Release|Any CPU
		{69D8B354-8214-4D89-B508-ECE76B0F6BE2}.Release|x64.Build.0 = Release|Any CPU
		{69D8B354-8214-4D89-B508-ECE76B0F6BE2}.Release|x64.Deploy.0 = Release|Any CPU
		{69D8B354-8214-4D89-B508-ECE76B0F6BE2}.Release|x86.ActiveCfg = Release|Any CPU
		{69D8B354-8214-4D89-B508-ECE76B0F6BE2}.Release|x86.Build.0 = Release|Any CPU
		{69D8B354-8214-4D89-B508-ECE76B0F6BE2}.Release|x86.Deploy.0 = Release|Any CPU
	EndGlobalSection
	GlobalSection(SolutionProperties) = preSolution
		HideSolutionNode = FALSE
	EndGlobalSection
	GlobalSection(ExtensibilityGlobals) = postSolution
		SolutionGuid = {ADBB18B5-EF03-4767-9CFE-157B6AFEAA75}
	EndGlobalSection
EndGlobal
